
Microsoft Visual Studio Solution File, Format Version 12.00
# Visual Studio Version 16
VisualStudioVersion = 16.0.34407.143
MinimumVisualStudioVersion = 10.0.40219.1
Project("{FAE04EC0-301F-11D3-BF4B-00C04F79EFBC}") = "CodeFirstDemo", "CodeFirstDemo.csproj", "{87F778C9-07C2-41CD-81BF-60B6509AE0BF}"
EndProject
Global
	GlobalSection(SolutionConfigurationPlatforms) = preSolution
		Debug|Any CPU = Debug|Any CPU
		Release|Any CPU = Release|Any CPU
	EndGlobalSection
	GlobalSection(ProjectConfigurationPlatforms) = postSolution
		{87F778C9-07C2-41CD-81BF-60B6509AE0BF}.Debug|Any CPU.ActiveCfg = Debug|Any CPU
		{87F778C9-07C2-41CD-81BF-60B6509AE0BF}.Debug|Any CPU.Build.0 = Debug|Any CPU
		{87F778C9-07C2-41CD-81BF-60B6509AE0BF}.Release|Any CPU.ActiveCfg = Release|Any CPU
		{87F778C9-07C2-41CD-81BF-60B6509AE0BF}.Release|Any CPU.Build.0 = Release|Any CPU
	EndGlobalSection
	GlobalSection(SolutionProperties) = preSolution
		HideSolutionNode = FALSE
	EndGlobalSection
	GlobalSection(ExtensibilityGlobals) = postSolution
		SolutionGuid = {C78EAF58-46FA-4038-8A85-F7AFA780032B}
	EndGlobalSection
EndGlobal
